
Microsoft Visual Studio Solution File, Format Version 12.00
# Visual Studio Version 16
VisualStudioVersion = 16.0.30320.27
MinimumVisualStudioVersion = 10.0.40219.1
Project("{FAE04EC0-301F-11D3-BF4B-00C04F79EFBC}") = "Recursiva.Fan.WebApi", "Recursiva.Fan.WebApi\Recursiva.Fan.WebApi.csproj", "{37E586E7-EDCB-47F2-8CB0-56C0DF8B1ECB}"
EndProject
Global
	GlobalSection(SolutionConfigurationPlatforms) = preSolution
		Debug|Any CPU = Debug|Any CPU
		Release|Any CPU = Release|Any CPU
	EndGlobalSection
	GlobalSection(ProjectConfigurationPlatforms) = postSolution
		{37E586E7-EDCB-47F2-8CB0-56C0DF8B1ECB}.Debug|Any CPU.ActiveCfg = Debug|Any CPU
		{37E586E7-EDCB-47F2-8CB0-56C0DF8B1ECB}.Debug|Any CPU.Build.0 = Debug|Any CPU
		{37E586E7-EDCB-47F2-8CB0-56C0DF8B1ECB}.Release|Any CPU.ActiveCfg = Release|Any CPU
		{37E586E7-EDCB-47F2-8CB0-56C0DF8B1ECB}.Release|Any CPU.Build.0 = Release|Any CPU
	EndGlobalSection
	GlobalSection(SolutionProperties) = preSolution
		HideSolutionNode = FALSE
	EndGlobalSection
	GlobalSection(ExtensibilityGlobals) = postSolution
		SolutionGuid = {D6BD3D07-765E-4AF8-A3AD-A0AAFEF3C8EF}
	EndGlobalSection
EndGlobal
